
Microsoft Visual Studio Solution File, Format Version 12.00
# Visual Studio Version 17
VisualStudioVersion = 17.3.32922.545
MinimumVisualStudioVersion = 10.0.40219.1
Project("{FAE04EC0-301F-11D3-BF4B-00C04F79EFBC}") = "ConsoleApp6", "ConsoleApp6\ConsoleApp6.csproj", "{D2B06908-2D00-4AC0-A5FA-9BF2C05A98E1}"
EndProject
Global
	GlobalSection(SolutionConfigurationPlatforms) = preSolution
		Debug|Any CPU = Debug|Any CPU
		Release|Any CPU = Release|Any CPU
	EndGlobalSection
	GlobalSection(ProjectConfigurationPlatforms) = postSolution
		{D2B06908-2D00-4AC0-A5FA-9BF2C05A98E1}.Debug|Any CPU.ActiveCfg = Debug|Any CPU
		{D2B06908-2D00-4AC0-A5FA-9BF2C05A98E1}.Debug|Any CPU.Build.0 = Debug|Any CPU
		{D2B06908-2D00-4AC0-A5FA-9BF2C05A98E1}.Release|Any CPU.ActiveCfg = Release|Any CPU
		{D2B06908-2D00-4AC0-A5FA-9BF2C05A98E1}.Release|Any CPU.Build.0 = Release|Any CPU
	EndGlobalSection
	GlobalSection(SolutionProperties) = preSolution
		HideSolutionNode = FALSE
	EndGlobalSection
	GlobalSection(ExtensibilityGlobals) = postSolution
		SolutionGuid = {00F44E60-FA77-4D79-BDCE-270FD9AB4867}
	EndGlobalSection
EndGlobal
